
Microsoft Visual Studio Solution File, Format Version 12.00
# Visual Studio Version 16
VisualStudioVersion = 16.0.29102.190
MinimumVisualStudioVersion = 10.0.40219.1
Project("{888888A0-9F3D-457C-B088-3A5042F75D52}") = "saveimage", "saveimage\saveimage.pyproj", "{9E88D466-2A85-4E69-B843-2E2F8441F323}"
EndProject
Global
	GlobalSection(SolutionConfigurationPlatforms) = preSolution
		Debug|Any CPU = Debug|Any CPU
		Release|Any CPU = Release|Any CPU
	EndGlobalSection
	GlobalSection(ProjectConfigurationPlatforms) = postSolution
		{9E88D466-2A85-4E69-B843-2E2F8441F323}.Debug|Any CPU.ActiveCfg = Debug|Any CPU
		{9E88D466-2A85-4E69-B843-2E2F8441F323}.Release|Any CPU.ActiveCfg = Release|Any CPU
	EndGlobalSection
	GlobalSection(SolutionProperties) = preSolution
		HideSolutionNode = FALSE
	EndGlobalSection
	GlobalSection(ExtensibilityGlobals) = postSolution
		SolutionGuid = {62AF6610-9B23-41BF-9E22-068EB3EE2257}
	EndGlobalSection
EndGlobal
